
Microsoft Visual Studio Solution File, Format Version 12.00
# Visual Studio Version 17
VisualStudioVersion = 17.10.35027.167
MinimumVisualStudioVersion = 10.0.40219.1
Project("{888888A0-9F3D-457C-B088-3A5042F75D52}") = "ProyectoCompis", "ProyectoCompis\ProyectoCompis.pyproj", "{309BDCDA-2046-48C1-B59B-B9D594253E42}"
EndProject
Global
	GlobalSection(SolutionConfigurationPlatforms) = preSolution
		Debug|Any CPU = Debug|Any CPU
		Release|Any CPU = Release|Any CPU
	EndGlobalSection
	GlobalSection(ProjectConfigurationPlatforms) = postSolution
		{309BDCDA-2046-48C1-B59B-B9D594253E42}.Debug|Any CPU.ActiveCfg = Debug|Any CPU
		{309BDCDA-2046-48C1-B59B-B9D594253E42}.Release|Any CPU.ActiveCfg = Release|Any CPU
	EndGlobalSection
	GlobalSection(SolutionProperties) = preSolution
		HideSolutionNode = FALSE
	EndGlobalSection
	GlobalSection(ExtensibilityGlobals) = postSolution
		SolutionGuid = {C359364A-968A-4F17-B282-169801BB753C}
	EndGlobalSection
EndGlobal
